
Microsoft Visual Studio Solution File, Format Version 12.00
# Visual Studio Version 17
VisualStudioVersion = 17.11.35312.102
MinimumVisualStudioVersion = 10.0.40219.1
Project("{FAE04EC0-301F-11D3-BF4B-00C04F79EFBC}") = "task 15.10", "task 15.10\task 15.10.csproj", "{06EBC514-59D9-46D4-BD47-24FFE2101458}"
EndProject
Global
	GlobalSection(SolutionConfigurationPlatforms) = preSolution
		Debug|Any CPU = Debug|Any CPU
		Release|Any CPU = Release|Any CPU
	EndGlobalSection
	GlobalSection(ProjectConfigurationPlatforms) = postSolution
		{06EBC514-59D9-46D4-BD47-24FFE2101458}.Debug|Any CPU.ActiveCfg = Debug|Any CPU
		{06EBC514-59D9-46D4-BD47-24FFE2101458}.Debug|Any CPU.Build.0 = Debug|Any CPU
		{06EBC514-59D9-46D4-BD47-24FFE2101458}.Release|Any CPU.ActiveCfg = Release|Any CPU
		{06EBC514-59D9-46D4-BD47-24FFE2101458}.Release|Any CPU.Build.0 = Release|Any CPU
	EndGlobalSection
	GlobalSection(SolutionProperties) = preSolution
		HideSolutionNode = FALSE
	EndGlobalSection
	GlobalSection(ExtensibilityGlobals) = postSolution
		SolutionGuid = {BECC6187-DF2A-4FDF-B091-998A9C03D3F8}
	EndGlobalSection
EndGlobal
